# This file is autogenerated, do not edit; changes may be undone by the next 'dep ensure'.


[[projects]]
  digest = "1:f438d91be142877c3ad83157992c91de787ddfbddcc2a7da1ef6ef61606cadc4"
  name = "github.com/cheekybits/genny"
  packages = ["generic"]
  pruneopts = "UT"
  revision = "d2cf3cdd35ce0d789056c4bc02a4d6349c947caf"
  version = "v1.0.0"

[[projects]]
  digest = "1:194d67bdb62b12db5057218e0303b7d6995b542d52104cb4fca641769d12cf90"
  name = "github.com/francoispqt/gojay"
  packages = ["."]
  pruneopts = "UT"
  revision = "1398296d938f9fae26750ddc2fe356b6d897f799"
  version = "v1.2.13"

[[projects]]
  digest = "1:9e1f58e0d3991f12e7b532161f56dc12c633fb01802ec60520d877599c2af2c5"
  name = "github.com/golang/protobuf"
  packages = ["proto"]
  pruneopts = "UT"
  revision = "d04d7b157bb510b1e0c10132224b616ac0e26b17"
  version = "v1.4.2"

[[projects]]
  digest = "1:25ebe6496abb289ef977c081b2d49f56dd97c32db4ca083d37f95923909ced02"
  name = "github.com/gorilla/mux"
  packages = ["."]
  pruneopts = "UT"
  revision = "75dcda0896e109a2a22c9315bca3bb21b87b2ba5"
  version = "v1.7.4"

[[projects]]
  digest = "1:d012d380e5f39720ce6e7c0cffa443266804d5557bbe71b053e58f57877a23a7"
  name = "github.com/lucas-clemente/quic-go"
  packages = [
    ".",
    "http3",
    "internal/ackhandler",
    "internal/congestion",
    "internal/flowcontrol",
    "internal/handshake",
    "internal/protocol",
    "internal/qerr",
    "internal/utils",
    "internal/wire",
    "qlog",
    "quictrace",
    "quictrace/pb",
  ]
  pruneopts = "UT"
  revision = "59555a8db81ce9a182b6b415630e45b38f88eb78"
  version = "v0.15.8"

[[projects]]
  digest = "1:c789dbf0b79b73cfb2a966d503347f0e6cf43e0da6d1cd03dcb4ad37a7c4c7ef"
  name = "github.com/marten-seemann/qpack"
  packages = ["."]
  pruneopts = "UT"
  revision = "f8170edcec3367407e53d6cac6035f27ee18f88c"
  version = "v0.1.0"

[[projects]]
  digest = "1:b15044e5d3deafd49df8834102dcb01cc7b622bd51daf31300c89e033f34901a"
  name = "github.com/marten-seemann/qtls"
  packages = ["."]
  pruneopts = "UT"
  revision = "6c6a0ec9e44166407c8d2f6724d0e02c1204325d"
  version = "v0.9.1"

[[projects]]
  digest = "1:5b3b29ce0e569f62935d9541dff2e16cc09df981ebde48e82259076a73a3d0c7"
  name = "github.com/op/go-logging"
  packages = ["."]
  pruneopts = "UT"
  revision = "b2cb9fa56473e98db8caba80237377e83fe44db5"
  version = "v1"

[[projects]]
  branch = "master"
  digest = "1:d80cc9385ee33b481a57e84b1bd6f8ee6ee40b19a52a22d61881d3eb70df4c6d"
  name = "golang.org/x/crypto"
  packages = [
    "chacha20",
    "chacha20poly1305",
    "cryptobyte",
    "cryptobyte/asn1",
    "curve25519",
    "hkdf",
    "internal/subtle",
    "poly1305",
  ]
  pruneopts = "UT"
  revision = "06a226fb4e3765ef3f48aa2852b401bc7b98e981"

[[projects]]
  branch = "master"
  digest = "1:e82f3a71824235270bdbb4fac9b0c83a035fd2c563f179c24b0d7134e97b4d52"
  name = "golang.org/x/net"
  packages = [
    "http/httpguts",
    "http2/hpack",
    "idna",
  ]
  pruneopts = "UT"
  revision = "3c3fba18258b2a1398a025a6aeb7374d2a470009"

[[projects]]
  branch = "master"
  digest = "1:1268ac78d0362442f8bbe4e9266895cd6fb2a094910198ebc6d5db354e0ed05f"
  name = "golang.org/x/sys"
  packages = ["cpu"]
  pruneopts = "UT"
  revision = "05986578812163b26672dabd9b425240ae2bb0ad"

[[projects]]
  digest = "1:8d8faad6b12a3a4c819a3f9618cb6ee1fa1cfc33253abeeea8b55336721e3405"
  name = "golang.org/x/text"
  packages = [
    "collate",
    "collate/build",
    "internal/colltab",
    "internal/gen",
    "internal/language",
    "internal/language/compact",
    "internal/tag",
    "internal/triegen",
    "internal/ucd",
    "language",
    "secure/bidirule",
    "transform",
    "unicode/bidi",
    "unicode/cldr",
    "unicode/norm",
    "unicode/rangetable",
  ]
  pruneopts = "UT"
  revision = "342b2e1fbaa52c93f31447ad2c6abc048c63e475"
  version = "v0.3.2"

[[projects]]
  digest = "1:2a628685d02a3eb98bd3b2b25778967113a5bdfae5be743e2612960b07780809"
  name = "google.golang.org/protobuf"
  packages = [
    "encoding/prototext",
    "encoding/protowire",
    "internal/descfmt",
    "internal/descopts",
    "internal/detrand",
    "internal/encoding/defval",
    "internal/encoding/messageset",
    "internal/encoding/tag",
    "internal/encoding/text",
    "internal/errors",
    "internal/fieldnum",
    "internal/fieldsort",
    "internal/filedesc",
    "internal/filetype",
    "internal/flags",
    "internal/genname",
    "internal/impl",
    "internal/mapsort",
    "internal/pragma",
    "internal/set",
    "internal/strs",
    "internal/version",
    "proto",
    "reflect/protoreflect",
    "reflect/protoregistry",
    "runtime/protoiface",
    "runtime/protoimpl",
  ]
  pruneopts = "UT"
  revision = "5c3dd7024aed895adfe053f26b5a479e991cbca9"
  version = "v1.24.0"

[solve-meta]
  analyzer-name = "dep"
  analyzer-version = 1
  input-imports = [
    "github.com/gorilla/mux",
    "github.com/lucas-clemente/quic-go/http3",
    "github.com/op/go-logging",
  ]
  solver-name = "gps-cdcl"
  solver-version = 1
